
Microsoft Visual Studio Solution File, Format Version 12.00
# Visual Studio 15
VisualStudioVersion = 15.0.27703.2018
MinimumVisualStudioVersion = 10.0.40219.1
Project("{FAE04EC0-301F-11D3-BF4B-00C04F79EFBC}") = "Clock", "Clock\Clock.csproj", "{3BD13AA1-3B65-418E-A122-789A7E97C70D}"
EndProject
Global
	GlobalSection(SolutionConfigurationPlatforms) = preSolution
		Debug|Any CPU = Debug|Any CPU
		Release|Any CPU = Release|Any CPU
	EndGlobalSection
	GlobalSection(ProjectConfigurationPlatforms) = postSolution
		{3BD13AA1-3B65-418E-A122-789A7E97C70D}.Debug|Any CPU.ActiveCfg = Debug|Any CPU
		{3BD13AA1-3B65-418E-A122-789A7E97C70D}.Debug|Any CPU.Build.0 = Debug|Any CPU
		{3BD13AA1-3B65-418E-A122-789A7E97C70D}.Release|Any CPU.ActiveCfg = Release|Any CPU
		{3BD13AA1-3B65-418E-A122-789A7E97C70D}.Release|Any CPU.Build.0 = Release|Any CPU
	EndGlobalSection
	GlobalSection(SolutionProperties) = preSolution
		HideSolutionNode = FALSE
	EndGlobalSection
	GlobalSection(ExtensibilityGlobals) = postSolution
		SolutionGuid = {D167780C-EDDA-4C44-9969-B0CC63DDB9B1}
	EndGlobalSection
EndGlobal
